{
  "requires": true,
  "lockfileVersion": 1,
  "dependencies": {
    "@babel/runtime": {
      "version": "7.5.5",
      "resolved": "https://registry.npmjs.org/@babel/runtime/-/runtime-7.5.5.tgz",
      "integrity": "sha512-28QvEGyQyNkB0/m2B4FU7IEZGK2NUrcMtT6BZEFALTguLk+AUT6ofsHtPk5QyjAdUkpMJ+/Em+quwz4HOt30AQ==",
      "requires": {
        "regenerator-runtime": "^0.13.2"
      }
    },
    "@babel/runtime-corejs3": {
      "version": "7.5.5",
      "resolved": "https://registry.npmjs.org/@babel/runtime-corejs3/-/runtime-corejs3-7.5.5.tgz",
      "integrity": "sha512-bNxHJ+w7RfLzZJtIZdEjFgL1twwZ6ozuOmsEjtyuTqfi1hb1fqsDYYyi3Fi3i+RgAO4S9+wkSG102+GCqdpr7w==",
      "requires": {
        "core-js-pure": "^3.0.0",
        "regenerator-runtime": "^0.13.2"
      }
    },
    "@types/node": {
      "version": "12.7.2",
      "resolved": "https://registry.npmjs.org/@types/node/-/node-12.7.2.tgz",
      "integrity": "sha512-dyYO+f6ihZEtNPDcWNR1fkoTDf3zAK3lAABDze3mz6POyIercH0lEUawUFXlG8xaQZmm1yEBON/4TsYv/laDYg=="
    },
    "@types/parse": {
      "version": "2.2.7",
      "resolved": "https://registry.npmjs.org/@types/parse/-/parse-2.2.7.tgz",
      "integrity": "sha512-t6GSys83qhDxQQSxsRksGHPRIhyMkFxPtbKqThFLscWJyavF5AkDMqLRo8PQ8ruq8f387lcz/YprTmGsuwyAuQ==",
      "requires": {
        "@types/node": "*"
      }
    },
    "async-limiter": {
      "version": "1.0.1",
      "resolved": "https://registry.npmjs.org/async-limiter/-/async-limiter-1.0.1.tgz",
      "integrity": "sha512-csOlWGAcRFJaI6m+F2WKdnMKr4HhdhFVBk0H/QbJFMCr+uO2kwohwXQPxw/9OCxp05r5ghVBFSyioixx3gfkNQ=="
    },
    "core-js-pure": {
      "version": "3.2.1",
      "resolved": "https://registry.npmjs.org/core-js-pure/-/core-js-pure-3.2.1.tgz",
      "integrity": "sha512-+qpvnYrsi/JDeQTArB7NnNc2VoMYLE1YSkziCDHgjexC2KH7OFiGhLUd3urxfyWmNjSwSW7NYXPWHMhuIJx9Ow=="
    },
    "parse": {
      "version": "2.7.0",
      "resolved": "https://registry.npmjs.org/parse/-/parse-2.7.0.tgz",
      "integrity": "sha512-q2o+YMh+JjmuN0/5TTcGQF07xOcSauL3tyb55OUDGjso8N3X7LXQ+h0g2MPDLyLBdZhAc2534xG5zw91N5GuIw==",
      "requires": {
        "@babel/runtime": "7.5.5",
        "@babel/runtime-corejs3": "7.5.5",
        "uuid": "3.3.3",
        "ws": "7.1.2",
        "xmlhttprequest": "1.8.0"
      }
    },
    "regenerator-runtime": {
      "version": "0.13.3",
      "resolved": "https://registry.npmjs.org/regenerator-runtime/-/regenerator-runtime-0.13.3.tgz",
      "integrity": "sha512-naKIZz2GQ8JWh///G7L3X6LaQUAMp2lvb1rvwwsURe/VXwD6VMfr+/1NuNw3ag8v2kY1aQ/go5SNn79O9JU7yw=="
    },
    "uuid": {
      "version": "3.3.3",
      "resolved": "https://registry.npmjs.org/uuid/-/uuid-3.3.3.tgz",
      "integrity": "sha512-pW0No1RGHgzlpHJO1nsVrHKpOEIxkGg1xB+v0ZmdNH5OAeAwzAVrCnI2/6Mtx+Uys6iaylxa+D3g4j63IKKjSQ=="
    },
    "ws": {
      "version": "7.1.2",
      "resolved": "https://registry.npmjs.org/ws/-/ws-7.1.2.tgz",
      "integrity": "sha512-gftXq3XI81cJCgkUiAVixA0raD9IVmXqsylCrjRygw4+UOOGzPoxnQ6r/CnVL9i+mDncJo94tSkyrtuuQVBmrg==",
      "requires": {
        "async-limiter": "^1.0.0"
      }
    },
    "xmlhttprequest": {
      "version": "1.8.0",
      "resolved": "https://registry.npmjs.org/xmlhttprequest/-/xmlhttprequest-1.8.0.tgz",
      "integrity": "sha1-Z/4HXFwk/vOfnWX197f+dRcZaPw="
    }
  }
}
